
Microsoft Visual Studio Solution File, Format Version 12.00
# Visual Studio Version 16
VisualStudioVersion = 16.0.33529.622
MinimumVisualStudioVersion = 10.0.40219.1
Project("{FAE04EC0-301F-11D3-BF4B-00C04F79EFBC}") = "04. Fishing Boat", "04. Fishing Boat\04. Fishing Boat.csproj", "{4C2716AD-8F3F-4C7A-B3BE-64CC6D4F2759}"
EndProject
Global
	GlobalSection(SolutionConfigurationPlatforms) = preSolution
		Debug|Any CPU = Debug|Any CPU
		Release|Any CPU = Release|Any CPU
	EndGlobalSection
	GlobalSection(ProjectConfigurationPlatforms) = postSolution
		{4C2716AD-8F3F-4C7A-B3BE-64CC6D4F2759}.Debug|Any CPU.ActiveCfg = Debug|Any CPU
		{4C2716AD-8F3F-4C7A-B3BE-64CC6D4F2759}.Debug|Any CPU.Build.0 = Debug|Any CPU
		{4C2716AD-8F3F-4C7A-B3BE-64CC6D4F2759}.Release|Any CPU.ActiveCfg = Release|Any CPU
		{4C2716AD-8F3F-4C7A-B3BE-64CC6D4F2759}.Release|Any CPU.Build.0 = Release|Any CPU
	EndGlobalSection
	GlobalSection(SolutionProperties) = preSolution
		HideSolutionNode = FALSE
	EndGlobalSection
	GlobalSection(ExtensibilityGlobals) = postSolution
		SolutionGuid = {23F40723-D94C-4F76-B292-8C2E17D1B75F}
	EndGlobalSection
EndGlobal
