
Microsoft Visual Studio Solution File, Format Version 12.00
# Visual Studio Version 16
VisualStudioVersion = 16.0.33529.622
MinimumVisualStudioVersion = 10.0.40219.1
Project("{FAE04EC0-301F-11D3-BF4B-00C04F79EFBC}") = "02. Summer Outfit", "02. Summer Outfit\02. Summer Outfit.csproj", "{7F5DB30D-229D-4DC1-ABCF-7D1B2662F419}"
EndProject
Global
	GlobalSection(SolutionConfigurationPlatforms) = preSolution
		Debug|Any CPU = Debug|Any CPU
		Release|Any CPU = Release|Any CPU
	EndGlobalSection
	GlobalSection(ProjectConfigurationPlatforms) = postSolution
		{7F5DB30D-229D-4DC1-ABCF-7D1B2662F419}.Debug|Any CPU.ActiveCfg = Debug|Any CPU
		{7F5DB30D-229D-4DC1-ABCF-7D1B2662F419}.Debug|Any CPU.Build.0 = Debug|Any CPU
		{7F5DB30D-229D-4DC1-ABCF-7D1B2662F419}.Release|Any CPU.ActiveCfg = Release|Any CPU
		{7F5DB30D-229D-4DC1-ABCF-7D1B2662F419}.Release|Any CPU.Build.0 = Release|Any CPU
	EndGlobalSection
	GlobalSection(SolutionProperties) = preSolution
		HideSolutionNode = FALSE
	EndGlobalSection
	GlobalSection(ExtensibilityGlobals) = postSolution
		SolutionGuid = {E2802998-EA16-4E2C-BE24-57DA24EBFB26}
	EndGlobalSection
EndGlobal
