
Microsoft Visual Studio Solution File, Format Version 12.00
# Visual Studio Version 16
VisualStudioVersion = 16.0.33529.622
MinimumVisualStudioVersion = 10.0.40219.1
Project("{FAE04EC0-301F-11D3-BF4B-00C04F79EFBC}") = "02.Weekend or Working Day", "02.Weekend or Working Day\02.Weekend or Working Day.csproj", "{1FFE691E-A80C-4757-9FAE-6A0D4E85FEDB}"
EndProject
Global
	GlobalSection(SolutionConfigurationPlatforms) = preSolution
		Debug|Any CPU = Debug|Any CPU
		Release|Any CPU = Release|Any CPU
	EndGlobalSection
	GlobalSection(ProjectConfigurationPlatforms) = postSolution
		{1FFE691E-A80C-4757-9FAE-6A0D4E85FEDB}.Debug|Any CPU.ActiveCfg = Debug|Any CPU
		{1FFE691E-A80C-4757-9FAE-6A0D4E85FEDB}.Debug|Any CPU.Build.0 = Debug|Any CPU
		{1FFE691E-A80C-4757-9FAE-6A0D4E85FEDB}.Release|Any CPU.ActiveCfg = Release|Any CPU
		{1FFE691E-A80C-4757-9FAE-6A0D4E85FEDB}.Release|Any CPU.Build.0 = Release|Any CPU
	EndGlobalSection
	GlobalSection(SolutionProperties) = preSolution
		HideSolutionNode = FALSE
	EndGlobalSection
	GlobalSection(ExtensibilityGlobals) = postSolution
		SolutionGuid = {5CAFE59D-9D0D-4014-93FF-657880B9BE89}
	EndGlobalSection
EndGlobal
