
Microsoft Visual Studio Solution File, Format Version 12.00
# Visual Studio Version 16
VisualStudioVersion = 16.0.33529.622
MinimumVisualStudioVersion = 10.0.40219.1
Project("{FAE04EC0-301F-11D3-BF4B-00C04F79EFBC}") = "07. Hotel Room", "07. Hotel Room\07. Hotel Room.csproj", "{8EAE15DF-C0D8-42CD-8284-7617F5848669}"
EndProject
Global
	GlobalSection(SolutionConfigurationPlatforms) = preSolution
		Debug|Any CPU = Debug|Any CPU
		Release|Any CPU = Release|Any CPU
	EndGlobalSection
	GlobalSection(ProjectConfigurationPlatforms) = postSolution
		{8EAE15DF-C0D8-42CD-8284-7617F5848669}.Debug|Any CPU.ActiveCfg = Debug|Any CPU
		{8EAE15DF-C0D8-42CD-8284-7617F5848669}.Debug|Any CPU.Build.0 = Debug|Any CPU
		{8EAE15DF-C0D8-42CD-8284-7617F5848669}.Release|Any CPU.ActiveCfg = Release|Any CPU
		{8EAE15DF-C0D8-42CD-8284-7617F5848669}.Release|Any CPU.Build.0 = Release|Any CPU
	EndGlobalSection
	GlobalSection(SolutionProperties) = preSolution
		HideSolutionNode = FALSE
	EndGlobalSection
	GlobalSection(ExtensibilityGlobals) = postSolution
		SolutionGuid = {AAF93AA0-877C-4AF8-AC64-7FFC0366C63F}
	EndGlobalSection
EndGlobal
