
Microsoft Visual Studio Solution File, Format Version 12.00
# Visual Studio Version 16
VisualStudioVersion = 16.0.33529.622
MinimumVisualStudioVersion = 10.0.40219.1
Project("{FAE04EC0-301F-11D3-BF4B-00C04F79EFBC}") = "07. Equal Arrays", "07. Equal Arrays\07. Equal Arrays.csproj", "{364D1ECE-60AD-42A1-9099-D14161750AAA}"
EndProject
Global
	GlobalSection(SolutionConfigurationPlatforms) = preSolution
		Debug|Any CPU = Debug|Any CPU
		Release|Any CPU = Release|Any CPU
	EndGlobalSection
	GlobalSection(ProjectConfigurationPlatforms) = postSolution
		{364D1ECE-60AD-42A1-9099-D14161750AAA}.Debug|Any CPU.ActiveCfg = Debug|Any CPU
		{364D1ECE-60AD-42A1-9099-D14161750AAA}.Debug|Any CPU.Build.0 = Debug|Any CPU
		{364D1ECE-60AD-42A1-9099-D14161750AAA}.Release|Any CPU.ActiveCfg = Release|Any CPU
		{364D1ECE-60AD-42A1-9099-D14161750AAA}.Release|Any CPU.Build.0 = Release|Any CPU
	EndGlobalSection
	GlobalSection(SolutionProperties) = preSolution
		HideSolutionNode = FALSE
	EndGlobalSection
	GlobalSection(ExtensibilityGlobals) = postSolution
		SolutionGuid = {AB88AAB4-43FC-4875-863D-7A347E1A3C09}
	EndGlobalSection
EndGlobal
