
Microsoft Visual Studio Solution File, Format Version 12.00
# Visual Studio Version 16
VisualStudioVersion = 16.0.33529.622
MinimumVisualStudioVersion = 10.0.40219.1
Project("{FAE04EC0-301F-11D3-BF4B-00C04F79EFBC}") = "08. On Time for the Exam", "08. On Time for the Exam\08. On Time for the Exam.csproj", "{3DB76B72-EC7D-4203-9A3A-880D456D39DA}"
EndProject
Global
	GlobalSection(SolutionConfigurationPlatforms) = preSolution
		Debug|Any CPU = Debug|Any CPU
		Release|Any CPU = Release|Any CPU
	EndGlobalSection
	GlobalSection(ProjectConfigurationPlatforms) = postSolution
		{3DB76B72-EC7D-4203-9A3A-880D456D39DA}.Debug|Any CPU.ActiveCfg = Debug|Any CPU
		{3DB76B72-EC7D-4203-9A3A-880D456D39DA}.Debug|Any CPU.Build.0 = Debug|Any CPU
		{3DB76B72-EC7D-4203-9A3A-880D456D39DA}.Release|Any CPU.ActiveCfg = Release|Any CPU
		{3DB76B72-EC7D-4203-9A3A-880D456D39DA}.Release|Any CPU.Build.0 = Release|Any CPU
	EndGlobalSection
	GlobalSection(SolutionProperties) = preSolution
		HideSolutionNode = FALSE
	EndGlobalSection
	GlobalSection(ExtensibilityGlobals) = postSolution
		SolutionGuid = {E4922502-6BB1-4F04-9563-67820FAB389D}
	EndGlobalSection
EndGlobal
