
Microsoft Visual Studio Solution File, Format Version 12.00
# Visual Studio Version 16
VisualStudioVersion = 16.0.33529.622
MinimumVisualStudioVersion = 10.0.40219.1
Project("{FAE04EC0-301F-11D3-BF4B-00C04F79EFBC}") = "03. Elevator", "03. Elevator\03. Elevator.csproj", "{145E7451-498C-45E8-B5FB-BE914C30FA74}"
EndProject
Global
	GlobalSection(SolutionConfigurationPlatforms) = preSolution
		Debug|Any CPU = Debug|Any CPU
		Release|Any CPU = Release|Any CPU
	EndGlobalSection
	GlobalSection(ProjectConfigurationPlatforms) = postSolution
		{145E7451-498C-45E8-B5FB-BE914C30FA74}.Debug|Any CPU.ActiveCfg = Debug|Any CPU
		{145E7451-498C-45E8-B5FB-BE914C30FA74}.Debug|Any CPU.Build.0 = Debug|Any CPU
		{145E7451-498C-45E8-B5FB-BE914C30FA74}.Release|Any CPU.ActiveCfg = Release|Any CPU
		{145E7451-498C-45E8-B5FB-BE914C30FA74}.Release|Any CPU.Build.0 = Release|Any CPU
	EndGlobalSection
	GlobalSection(SolutionProperties) = preSolution
		HideSolutionNode = FALSE
	EndGlobalSection
	GlobalSection(ExtensibilityGlobals) = postSolution
		SolutionGuid = {D97BF391-4428-41DE-9DCA-B73169CDFFB3}
	EndGlobalSection
EndGlobal
