
Microsoft Visual Studio Solution File, Format Version 12.00
# Visual Studio Version 16
VisualStudioVersion = 16.0.33529.622
MinimumVisualStudioVersion = 10.0.40219.1
Project("{FAE04EC0-301F-11D3-BF4B-00C04F79EFBC}") = "05. Character Sequence", "05. Character Sequence\05. Character Sequence.csproj", "{8CF197BA-9386-4BFE-A00D-16D0BBA2E444}"
EndProject
Global
	GlobalSection(SolutionConfigurationPlatforms) = preSolution
		Debug|Any CPU = Debug|Any CPU
		Release|Any CPU = Release|Any CPU
	EndGlobalSection
	GlobalSection(ProjectConfigurationPlatforms) = postSolution
		{8CF197BA-9386-4BFE-A00D-16D0BBA2E444}.Debug|Any CPU.ActiveCfg = Debug|Any CPU
		{8CF197BA-9386-4BFE-A00D-16D0BBA2E444}.Debug|Any CPU.Build.0 = Debug|Any CPU
		{8CF197BA-9386-4BFE-A00D-16D0BBA2E444}.Release|Any CPU.ActiveCfg = Release|Any CPU
		{8CF197BA-9386-4BFE-A00D-16D0BBA2E444}.Release|Any CPU.Build.0 = Release|Any CPU
	EndGlobalSection
	GlobalSection(SolutionProperties) = preSolution
		HideSolutionNode = FALSE
	EndGlobalSection
	GlobalSection(ExtensibilityGlobals) = postSolution
		SolutionGuid = {0C1001E5-7858-4BE7-B6C9-241569EA658D}
	EndGlobalSection
EndGlobal
