
Microsoft Visual Studio Solution File, Format Version 12.00
# Visual Studio Version 16
VisualStudioVersion = 16.0.33529.622
MinimumVisualStudioVersion = 10.0.40219.1
Project("{FAE04EC0-301F-11D3-BF4B-00C04F79EFBC}") = "04. Password Guess", "04. Password Guess\04. Password Guess.csproj", "{0271B0F7-8D47-40A4-95B5-7D5D7622F45F}"
EndProject
Global
	GlobalSection(SolutionConfigurationPlatforms) = preSolution
		Debug|Any CPU = Debug|Any CPU
		Release|Any CPU = Release|Any CPU
	EndGlobalSection
	GlobalSection(ProjectConfigurationPlatforms) = postSolution
		{0271B0F7-8D47-40A4-95B5-7D5D7622F45F}.Debug|Any CPU.ActiveCfg = Debug|Any CPU
		{0271B0F7-8D47-40A4-95B5-7D5D7622F45F}.Debug|Any CPU.Build.0 = Debug|Any CPU
		{0271B0F7-8D47-40A4-95B5-7D5D7622F45F}.Release|Any CPU.ActiveCfg = Release|Any CPU
		{0271B0F7-8D47-40A4-95B5-7D5D7622F45F}.Release|Any CPU.Build.0 = Release|Any CPU
	EndGlobalSection
	GlobalSection(SolutionProperties) = preSolution
		HideSolutionNode = FALSE
	EndGlobalSection
	GlobalSection(ExtensibilityGlobals) = postSolution
		SolutionGuid = {56BDC7F1-2A1B-40C5-ADBB-D4280EBF30B2}
	EndGlobalSection
EndGlobal
