
Microsoft Visual Studio Solution File, Format Version 12.00
# Visual Studio Version 16
VisualStudioVersion = 16.0.33529.622
MinimumVisualStudioVersion = 10.0.40219.1
Project("{FAE04EC0-301F-11D3-BF4B-00C04F79EFBC}") = "08. Lunch Break", "08. Lunch Break\08. Lunch Break.csproj", "{A7DA7612-242C-4E5C-AC70-EB50ABE7AB3E}"
EndProject
Global
	GlobalSection(SolutionConfigurationPlatforms) = preSolution
		Debug|Any CPU = Debug|Any CPU
		Release|Any CPU = Release|Any CPU
	EndGlobalSection
	GlobalSection(ProjectConfigurationPlatforms) = postSolution
		{A7DA7612-242C-4E5C-AC70-EB50ABE7AB3E}.Debug|Any CPU.ActiveCfg = Debug|Any CPU
		{A7DA7612-242C-4E5C-AC70-EB50ABE7AB3E}.Debug|Any CPU.Build.0 = Debug|Any CPU
		{A7DA7612-242C-4E5C-AC70-EB50ABE7AB3E}.Release|Any CPU.ActiveCfg = Release|Any CPU
		{A7DA7612-242C-4E5C-AC70-EB50ABE7AB3E}.Release|Any CPU.Build.0 = Release|Any CPU
	EndGlobalSection
	GlobalSection(SolutionProperties) = preSolution
		HideSolutionNode = FALSE
	EndGlobalSection
	GlobalSection(ExtensibilityGlobals) = postSolution
		SolutionGuid = {0C5D8C11-6E71-4AD5-85AB-AD87C4B89ED3}
	EndGlobalSection
EndGlobal
