
Microsoft Visual Studio Solution File, Format Version 12.00
# Visual Studio Version 16
VisualStudioVersion = 16.0.33529.622
MinimumVisualStudioVersion = 10.0.40219.1
Project("{FAE04EC0-301F-11D3-BF4B-00C04F79EFBC}") = "08. Condense Array to Number", "08. Condense Array to Number\08. Condense Array to Number.csproj", "{900BD521-B8F8-414D-994E-E5E9231663AB}"
EndProject
Global
	GlobalSection(SolutionConfigurationPlatforms) = preSolution
		Debug|Any CPU = Debug|Any CPU
		Release|Any CPU = Release|Any CPU
	EndGlobalSection
	GlobalSection(ProjectConfigurationPlatforms) = postSolution
		{900BD521-B8F8-414D-994E-E5E9231663AB}.Debug|Any CPU.ActiveCfg = Debug|Any CPU
		{900BD521-B8F8-414D-994E-E5E9231663AB}.Debug|Any CPU.Build.0 = Debug|Any CPU
		{900BD521-B8F8-414D-994E-E5E9231663AB}.Release|Any CPU.ActiveCfg = Release|Any CPU
		{900BD521-B8F8-414D-994E-E5E9231663AB}.Release|Any CPU.Build.0 = Release|Any CPU
	EndGlobalSection
	GlobalSection(SolutionProperties) = preSolution
		HideSolutionNode = FALSE
	EndGlobalSection
	GlobalSection(ExtensibilityGlobals) = postSolution
		SolutionGuid = {2403899F-AF1F-4C69-A698-730FAE35B278}
	EndGlobalSection
EndGlobal
