
Microsoft Visual Studio Solution File, Format Version 12.00
# Visual Studio Version 16
VisualStudioVersion = 16.0.33529.622
MinimumVisualStudioVersion = 10.0.40219.1
Project("{FAE04EC0-301F-11D3-BF4B-00C04F79EFBC}") = "01. USD to BGN", "01. USD to BGN\01. USD to BGN.csproj", "{D537CBD6-1494-4A85-AC2F-3CEBFB74D203}"
EndProject
Global
	GlobalSection(SolutionConfigurationPlatforms) = preSolution
		Debug|Any CPU = Debug|Any CPU
		Release|Any CPU = Release|Any CPU
	EndGlobalSection
	GlobalSection(ProjectConfigurationPlatforms) = postSolution
		{D537CBD6-1494-4A85-AC2F-3CEBFB74D203}.Debug|Any CPU.ActiveCfg = Debug|Any CPU
		{D537CBD6-1494-4A85-AC2F-3CEBFB74D203}.Debug|Any CPU.Build.0 = Debug|Any CPU
		{D537CBD6-1494-4A85-AC2F-3CEBFB74D203}.Release|Any CPU.ActiveCfg = Release|Any CPU
		{D537CBD6-1494-4A85-AC2F-3CEBFB74D203}.Release|Any CPU.Build.0 = Release|Any CPU
	EndGlobalSection
	GlobalSection(SolutionProperties) = preSolution
		HideSolutionNode = FALSE
	EndGlobalSection
	GlobalSection(ExtensibilityGlobals) = postSolution
		SolutionGuid = {0D5451C3-E764-47C5-B2BE-46A12D8DCF90}
	EndGlobalSection
EndGlobal
