
Microsoft Visual Studio Solution File, Format Version 12.00
# Visual Studio Version 16
VisualStudioVersion = 16.0.33529.622
MinimumVisualStudioVersion = 10.0.40219.1
Project("{FAE04EC0-301F-11D3-BF4B-00C04F79EFBC}") = "01. Excellent Result", "01. Excellent Result\01. Excellent Result.csproj", "{28860C59-58B0-4FAB-A50E-D8E7F9AA3760}"
EndProject
Global
	GlobalSection(SolutionConfigurationPlatforms) = preSolution
		Debug|Any CPU = Debug|Any CPU
		Release|Any CPU = Release|Any CPU
	EndGlobalSection
	GlobalSection(ProjectConfigurationPlatforms) = postSolution
		{28860C59-58B0-4FAB-A50E-D8E7F9AA3760}.Debug|Any CPU.ActiveCfg = Debug|Any CPU
		{28860C59-58B0-4FAB-A50E-D8E7F9AA3760}.Debug|Any CPU.Build.0 = Debug|Any CPU
		{28860C59-58B0-4FAB-A50E-D8E7F9AA3760}.Release|Any CPU.ActiveCfg = Release|Any CPU
		{28860C59-58B0-4FAB-A50E-D8E7F9AA3760}.Release|Any CPU.Build.0 = Release|Any CPU
	EndGlobalSection
	GlobalSection(SolutionProperties) = preSolution
		HideSolutionNode = FALSE
	EndGlobalSection
	GlobalSection(ExtensibilityGlobals) = postSolution
		SolutionGuid = {B7F7C6F6-310F-4FC4-8464-E69DEF9BFC69}
	EndGlobalSection
EndGlobal
