
Microsoft Visual Studio Solution File, Format Version 12.00
# Visual Studio Version 16
VisualStudioVersion = 16.0.33529.622
MinimumVisualStudioVersion = 10.0.40219.1
Project("{FAE04EC0-301F-11D3-BF4B-00C04F79EFBC}") = "05. Digits, Letters and Other", "05. Digits, Letters and Other\05. Digits, Letters and Other.csproj", "{2FC80F89-C44F-4EC4-833A-73588882625B}"
EndProject
Global
	GlobalSection(SolutionConfigurationPlatforms) = preSolution
		Debug|Any CPU = Debug|Any CPU
		Release|Any CPU = Release|Any CPU
	EndGlobalSection
	GlobalSection(ProjectConfigurationPlatforms) = postSolution
		{2FC80F89-C44F-4EC4-833A-73588882625B}.Debug|Any CPU.ActiveCfg = Debug|Any CPU
		{2FC80F89-C44F-4EC4-833A-73588882625B}.Debug|Any CPU.Build.0 = Debug|Any CPU
		{2FC80F89-C44F-4EC4-833A-73588882625B}.Release|Any CPU.ActiveCfg = Release|Any CPU
		{2FC80F89-C44F-4EC4-833A-73588882625B}.Release|Any CPU.Build.0 = Release|Any CPU
	EndGlobalSection
	GlobalSection(SolutionProperties) = preSolution
		HideSolutionNode = FALSE
	EndGlobalSection
	GlobalSection(ExtensibilityGlobals) = postSolution
		SolutionGuid = {44A3CFB1-3B7D-4456-BB68-B114787797E3}
	EndGlobalSection
EndGlobal
