
Microsoft Visual Studio Solution File, Format Version 12.00
# Visual Studio Version 16
VisualStudioVersion = 16.0.33529.622
MinimumVisualStudioVersion = 10.0.40219.1
Project("{FAE04EC0-301F-11D3-BF4B-00C04F79EFBC}") = "03. Exact Sum of Real Numbers", "03. Exact Sum of Real Numbers\03. Exact Sum of Real Numbers.csproj", "{8AAA2E81-B8B5-4E05-BFC4-F0874E87EC02}"
EndProject
Global
	GlobalSection(SolutionConfigurationPlatforms) = preSolution
		Debug|Any CPU = Debug|Any CPU
		Release|Any CPU = Release|Any CPU
	EndGlobalSection
	GlobalSection(ProjectConfigurationPlatforms) = postSolution
		{8AAA2E81-B8B5-4E05-BFC4-F0874E87EC02}.Debug|Any CPU.ActiveCfg = Debug|Any CPU
		{8AAA2E81-B8B5-4E05-BFC4-F0874E87EC02}.Debug|Any CPU.Build.0 = Debug|Any CPU
		{8AAA2E81-B8B5-4E05-BFC4-F0874E87EC02}.Release|Any CPU.ActiveCfg = Release|Any CPU
		{8AAA2E81-B8B5-4E05-BFC4-F0874E87EC02}.Release|Any CPU.Build.0 = Release|Any CPU
	EndGlobalSection
	GlobalSection(SolutionProperties) = preSolution
		HideSolutionNode = FALSE
	EndGlobalSection
	GlobalSection(ExtensibilityGlobals) = postSolution
		SolutionGuid = {281CB483-7244-44D6-9F3E-92F351A19D1A}
	EndGlobalSection
EndGlobal
