
Microsoft Visual Studio Solution File, Format Version 12.00
# Visual Studio Version 16
VisualStudioVersion = 16.0.33529.622
MinimumVisualStudioVersion = 10.0.40219.1
Project("{FAE04EC0-301F-11D3-BF4B-00C04F79EFBC}") = "03. Rectangle Area", "03. Rectangle Area\03. Rectangle Area.csproj", "{72DFD45A-4D69-43A4-9A50-6470FCC195C8}"
EndProject
Global
	GlobalSection(SolutionConfigurationPlatforms) = preSolution
		Debug|Any CPU = Debug|Any CPU
		Release|Any CPU = Release|Any CPU
	EndGlobalSection
	GlobalSection(ProjectConfigurationPlatforms) = postSolution
		{72DFD45A-4D69-43A4-9A50-6470FCC195C8}.Debug|Any CPU.ActiveCfg = Debug|Any CPU
		{72DFD45A-4D69-43A4-9A50-6470FCC195C8}.Debug|Any CPU.Build.0 = Debug|Any CPU
		{72DFD45A-4D69-43A4-9A50-6470FCC195C8}.Release|Any CPU.ActiveCfg = Release|Any CPU
		{72DFD45A-4D69-43A4-9A50-6470FCC195C8}.Release|Any CPU.Build.0 = Release|Any CPU
	EndGlobalSection
	GlobalSection(SolutionProperties) = preSolution
		HideSolutionNode = FALSE
	EndGlobalSection
	GlobalSection(ExtensibilityGlobals) = postSolution
		SolutionGuid = {AD475603-DEE9-465A-8473-18904B282ECF}
	EndGlobalSection
EndGlobal
