
Microsoft Visual Studio Solution File, Format Version 12.00
# Visual Studio Version 16
VisualStudioVersion = 16.0.33529.622
MinimumVisualStudioVersion = 10.0.40219.1
Project("{FAE04EC0-301F-11D3-BF4B-00C04F79EFBC}") = "08. Number sequence", "08. Number sequence\08. Number sequence.csproj", "{9E6B95DB-0718-4362-AB67-D054E9D21F61}"
EndProject
Global
	GlobalSection(SolutionConfigurationPlatforms) = preSolution
		Debug|Any CPU = Debug|Any CPU
		Release|Any CPU = Release|Any CPU
	EndGlobalSection
	GlobalSection(ProjectConfigurationPlatforms) = postSolution
		{9E6B95DB-0718-4362-AB67-D054E9D21F61}.Debug|Any CPU.ActiveCfg = Debug|Any CPU
		{9E6B95DB-0718-4362-AB67-D054E9D21F61}.Debug|Any CPU.Build.0 = Debug|Any CPU
		{9E6B95DB-0718-4362-AB67-D054E9D21F61}.Release|Any CPU.ActiveCfg = Release|Any CPU
		{9E6B95DB-0718-4362-AB67-D054E9D21F61}.Release|Any CPU.Build.0 = Release|Any CPU
	EndGlobalSection
	GlobalSection(SolutionProperties) = preSolution
		HideSolutionNode = FALSE
	EndGlobalSection
	GlobalSection(ExtensibilityGlobals) = postSolution
		SolutionGuid = {753E84D8-8E7C-4AB6-8C62-7010DA6CEE8C}
	EndGlobalSection
EndGlobal
