
Microsoft Visual Studio Solution File, Format Version 12.00
# Visual Studio Version 16
VisualStudioVersion = 16.0.33529.622
MinimumVisualStudioVersion = 10.0.40219.1
Project("{FAE04EC0-301F-11D3-BF4B-00C04F79EFBC}") = "02. Nums 1.10", "02. Nums 1.10\02. Nums 1.10.csproj", "{8A788841-D4BC-4618-9E67-FF855033E800}"
EndProject
Global
	GlobalSection(SolutionConfigurationPlatforms) = preSolution
		Debug|Any CPU = Debug|Any CPU
		Release|Any CPU = Release|Any CPU
	EndGlobalSection
	GlobalSection(ProjectConfigurationPlatforms) = postSolution
		{8A788841-D4BC-4618-9E67-FF855033E800}.Debug|Any CPU.ActiveCfg = Debug|Any CPU
		{8A788841-D4BC-4618-9E67-FF855033E800}.Debug|Any CPU.Build.0 = Debug|Any CPU
		{8A788841-D4BC-4618-9E67-FF855033E800}.Release|Any CPU.ActiveCfg = Release|Any CPU
		{8A788841-D4BC-4618-9E67-FF855033E800}.Release|Any CPU.Build.0 = Release|Any CPU
	EndGlobalSection
	GlobalSection(SolutionProperties) = preSolution
		HideSolutionNode = FALSE
	EndGlobalSection
	GlobalSection(ExtensibilityGlobals) = postSolution
		SolutionGuid = {7B4C557A-3E07-4C76-8576-DC1E56E32801}
	EndGlobalSection
EndGlobal
