
Microsoft Visual Studio Solution File, Format Version 12.00
# Visual Studio Version 16
VisualStudioVersion = 16.0.33529.622
MinimumVisualStudioVersion = 10.0.40219.1
Project("{FAE04EC0-301F-11D3-BF4B-00C04F79EFBC}") = "03. Time + 15 Minutes", "03. Time + 15 Minutes\03. Time + 15 Minutes.csproj", "{4F81A75C-55BF-45E2-A9EC-D00BD06F89A3}"
EndProject
Global
	GlobalSection(SolutionConfigurationPlatforms) = preSolution
		Debug|Any CPU = Debug|Any CPU
		Release|Any CPU = Release|Any CPU
	EndGlobalSection
	GlobalSection(ProjectConfigurationPlatforms) = postSolution
		{4F81A75C-55BF-45E2-A9EC-D00BD06F89A3}.Debug|Any CPU.ActiveCfg = Debug|Any CPU
		{4F81A75C-55BF-45E2-A9EC-D00BD06F89A3}.Debug|Any CPU.Build.0 = Debug|Any CPU
		{4F81A75C-55BF-45E2-A9EC-D00BD06F89A3}.Release|Any CPU.ActiveCfg = Release|Any CPU
		{4F81A75C-55BF-45E2-A9EC-D00BD06F89A3}.Release|Any CPU.Build.0 = Release|Any CPU
	EndGlobalSection
	GlobalSection(SolutionProperties) = preSolution
		HideSolutionNode = FALSE
	EndGlobalSection
	GlobalSection(ExtensibilityGlobals) = postSolution
		SolutionGuid = {43A1F113-3CDD-448D-A174-4787B0366E04}
	EndGlobalSection
EndGlobal
