
Microsoft Visual Studio Solution File, Format Version 12.00
# Visual Studio Version 16
VisualStudioVersion = 16.0.33529.622
MinimumVisualStudioVersion = 10.0.40219.1
Project("{FAE04EC0-301F-11D3-BF4B-00C04F79EFBC}") = "02. Sum Digits", "02. Sum Digits\02. Sum Digits.csproj", "{6B0FFD88-B11A-4BEA-9F91-91BB403E19CD}"
EndProject
Global
	GlobalSection(SolutionConfigurationPlatforms) = preSolution
		Debug|Any CPU = Debug|Any CPU
		Release|Any CPU = Release|Any CPU
	EndGlobalSection
	GlobalSection(ProjectConfigurationPlatforms) = postSolution
		{6B0FFD88-B11A-4BEA-9F91-91BB403E19CD}.Debug|Any CPU.ActiveCfg = Debug|Any CPU
		{6B0FFD88-B11A-4BEA-9F91-91BB403E19CD}.Debug|Any CPU.Build.0 = Debug|Any CPU
		{6B0FFD88-B11A-4BEA-9F91-91BB403E19CD}.Release|Any CPU.ActiveCfg = Release|Any CPU
		{6B0FFD88-B11A-4BEA-9F91-91BB403E19CD}.Release|Any CPU.Build.0 = Release|Any CPU
	EndGlobalSection
	GlobalSection(SolutionProperties) = preSolution
		HideSolutionNode = FALSE
	EndGlobalSection
	GlobalSection(ExtensibilityGlobals) = postSolution
		SolutionGuid = {66F6D4D5-8B1F-4FF2-A783-7BDFED8EDA68}
	EndGlobalSection
EndGlobal
