
Microsoft Visual Studio Solution File, Format Version 12.00
# Visual Studio Version 16
VisualStudioVersion = 16.0.33529.622
MinimumVisualStudioVersion = 10.0.40219.1
Project("{FAE04EC0-301F-11D3-BF4B-00C04F79EFBC}") = "11. Fruit Shop", "11. Fruit Shop\11. Fruit Shop.csproj", "{83D3AF57-DA31-4F29-A6EF-EB9670A14BCC}"
EndProject
Global
	GlobalSection(SolutionConfigurationPlatforms) = preSolution
		Debug|Any CPU = Debug|Any CPU
		Release|Any CPU = Release|Any CPU
	EndGlobalSection
	GlobalSection(ProjectConfigurationPlatforms) = postSolution
		{83D3AF57-DA31-4F29-A6EF-EB9670A14BCC}.Debug|Any CPU.ActiveCfg = Debug|Any CPU
		{83D3AF57-DA31-4F29-A6EF-EB9670A14BCC}.Debug|Any CPU.Build.0 = Debug|Any CPU
		{83D3AF57-DA31-4F29-A6EF-EB9670A14BCC}.Release|Any CPU.ActiveCfg = Release|Any CPU
		{83D3AF57-DA31-4F29-A6EF-EB9670A14BCC}.Release|Any CPU.Build.0 = Release|Any CPU
	EndGlobalSection
	GlobalSection(SolutionProperties) = preSolution
		HideSolutionNode = FALSE
	EndGlobalSection
	GlobalSection(ExtensibilityGlobals) = postSolution
		SolutionGuid = {00A313C9-F59C-4BF4-B33D-E916C85069B3}
	EndGlobalSection
EndGlobal
