
Microsoft Visual Studio Solution File, Format Version 12.00
# Visual Studio Version 16
VisualStudioVersion = 16.0.33529.622
MinimumVisualStudioVersion = 10.0.40219.1
Project("{FAE04EC0-301F-11D3-BF4B-00C04F79EFBC}") = "02. Bonus Score", "02. Bonus Score\02. Bonus Score.csproj", "{938F2D98-BAB5-47EA-BE10-E18248B8C85D}"
EndProject
Global
	GlobalSection(SolutionConfigurationPlatforms) = preSolution
		Debug|Any CPU = Debug|Any CPU
		Release|Any CPU = Release|Any CPU
	EndGlobalSection
	GlobalSection(ProjectConfigurationPlatforms) = postSolution
		{938F2D98-BAB5-47EA-BE10-E18248B8C85D}.Debug|Any CPU.ActiveCfg = Debug|Any CPU
		{938F2D98-BAB5-47EA-BE10-E18248B8C85D}.Debug|Any CPU.Build.0 = Debug|Any CPU
		{938F2D98-BAB5-47EA-BE10-E18248B8C85D}.Release|Any CPU.ActiveCfg = Release|Any CPU
		{938F2D98-BAB5-47EA-BE10-E18248B8C85D}.Release|Any CPU.Build.0 = Release|Any CPU
	EndGlobalSection
	GlobalSection(SolutionProperties) = preSolution
		HideSolutionNode = FALSE
	EndGlobalSection
	GlobalSection(ExtensibilityGlobals) = postSolution
		SolutionGuid = {84ABEB0D-A078-41C3-A790-D9DF9E68100F}
	EndGlobalSection
EndGlobal
