
Microsoft Visual Studio Solution File, Format Version 12.00
# Visual Studio Version 16
VisualStudioVersion = 16.0.33529.622
MinimumVisualStudioVersion = 10.0.40219.1
Project("{FAE04EC0-301F-11D3-BF4B-00C04F79EFBC}") = "04. Vacation Books List", "04. Vacation Books List\04. Vacation Books List.csproj", "{34C90234-5A3C-435B-BCE9-370E1F9D6FF9}"
EndProject
Global
	GlobalSection(SolutionConfigurationPlatforms) = preSolution
		Debug|Any CPU = Debug|Any CPU
		Release|Any CPU = Release|Any CPU
	EndGlobalSection
	GlobalSection(ProjectConfigurationPlatforms) = postSolution
		{34C90234-5A3C-435B-BCE9-370E1F9D6FF9}.Debug|Any CPU.ActiveCfg = Debug|Any CPU
		{34C90234-5A3C-435B-BCE9-370E1F9D6FF9}.Debug|Any CPU.Build.0 = Debug|Any CPU
		{34C90234-5A3C-435B-BCE9-370E1F9D6FF9}.Release|Any CPU.ActiveCfg = Release|Any CPU
		{34C90234-5A3C-435B-BCE9-370E1F9D6FF9}.Release|Any CPU.Build.0 = Release|Any CPU
	EndGlobalSection
	GlobalSection(SolutionProperties) = preSolution
		HideSolutionNode = FALSE
	EndGlobalSection
	GlobalSection(ExtensibilityGlobals) = postSolution
		SolutionGuid = {0CF40E88-3A48-4219-AB60-11A869847793}
	EndGlobalSection
EndGlobal
