
Microsoft Visual Studio Solution File, Format Version 12.00
# Visual Studio Version 16
VisualStudioVersion = 16.0.33529.622
MinimumVisualStudioVersion = 10.0.40219.1
Project("{FAE04EC0-301F-11D3-BF4B-00C04F79EFBC}") = "02. Pounds to Dollars", "02. Pounds to Dollars\02. Pounds to Dollars.csproj", "{5DA59F19-017E-4208-88B9-2B456F8F1196}"
EndProject
Global
	GlobalSection(SolutionConfigurationPlatforms) = preSolution
		Debug|Any CPU = Debug|Any CPU
		Release|Any CPU = Release|Any CPU
	EndGlobalSection
	GlobalSection(ProjectConfigurationPlatforms) = postSolution
		{5DA59F19-017E-4208-88B9-2B456F8F1196}.Debug|Any CPU.ActiveCfg = Debug|Any CPU
		{5DA59F19-017E-4208-88B9-2B456F8F1196}.Debug|Any CPU.Build.0 = Debug|Any CPU
		{5DA59F19-017E-4208-88B9-2B456F8F1196}.Release|Any CPU.ActiveCfg = Release|Any CPU
		{5DA59F19-017E-4208-88B9-2B456F8F1196}.Release|Any CPU.Build.0 = Release|Any CPU
	EndGlobalSection
	GlobalSection(SolutionProperties) = preSolution
		HideSolutionNode = FALSE
	EndGlobalSection
	GlobalSection(ExtensibilityGlobals) = postSolution
		SolutionGuid = {DF91BEA9-0C41-4405-85AF-6658239A7421}
	EndGlobalSection
EndGlobal
