
Microsoft Visual Studio Solution File, Format Version 12.00
# Visual Studio Version 16
VisualStudioVersion = 16.0.33529.622
MinimumVisualStudioVersion = 10.0.40219.1
Project("{FAE04EC0-301F-11D3-BF4B-00C04F79EFBC}") = "04. Array Rotation", "04. Array Rotation\04. Array Rotation.csproj", "{DC6A57B7-A056-48F8-A2BC-C339B304EE37}"
EndProject
Global
	GlobalSection(SolutionConfigurationPlatforms) = preSolution
		Debug|Any CPU = Debug|Any CPU
		Release|Any CPU = Release|Any CPU
	EndGlobalSection
	GlobalSection(ProjectConfigurationPlatforms) = postSolution
		{DC6A57B7-A056-48F8-A2BC-C339B304EE37}.Debug|Any CPU.ActiveCfg = Debug|Any CPU
		{DC6A57B7-A056-48F8-A2BC-C339B304EE37}.Debug|Any CPU.Build.0 = Debug|Any CPU
		{DC6A57B7-A056-48F8-A2BC-C339B304EE37}.Release|Any CPU.ActiveCfg = Release|Any CPU
		{DC6A57B7-A056-48F8-A2BC-C339B304EE37}.Release|Any CPU.Build.0 = Release|Any CPU
	EndGlobalSection
	GlobalSection(SolutionProperties) = preSolution
		HideSolutionNode = FALSE
	EndGlobalSection
	GlobalSection(ExtensibilityGlobals) = postSolution
		SolutionGuid = {D623F4FB-06C2-4D8E-9037-635DE8D4C789}
	EndGlobalSection
EndGlobal
