
Microsoft Visual Studio Solution File, Format Version 12.00
# Visual Studio Version 16
VisualStudioVersion = 16.0.33529.622
MinimumVisualStudioVersion = 10.0.40219.1
Project("{FAE04EC0-301F-11D3-BF4B-00C04F79EFBC}") = "04. SoftUni Parking", "04. SoftUni Parking\04. SoftUni Parking.csproj", "{D926EDA2-D2AF-4AEC-A7EE-8BEB4E747020}"
EndProject
Global
	GlobalSection(SolutionConfigurationPlatforms) = preSolution
		Debug|Any CPU = Debug|Any CPU
		Release|Any CPU = Release|Any CPU
	EndGlobalSection
	GlobalSection(ProjectConfigurationPlatforms) = postSolution
		{D926EDA2-D2AF-4AEC-A7EE-8BEB4E747020}.Debug|Any CPU.ActiveCfg = Debug|Any CPU
		{D926EDA2-D2AF-4AEC-A7EE-8BEB4E747020}.Debug|Any CPU.Build.0 = Debug|Any CPU
		{D926EDA2-D2AF-4AEC-A7EE-8BEB4E747020}.Release|Any CPU.ActiveCfg = Release|Any CPU
		{D926EDA2-D2AF-4AEC-A7EE-8BEB4E747020}.Release|Any CPU.Build.0 = Release|Any CPU
	EndGlobalSection
	GlobalSection(SolutionProperties) = preSolution
		HideSolutionNode = FALSE
	EndGlobalSection
	GlobalSection(ExtensibilityGlobals) = postSolution
		SolutionGuid = {7748F24B-1773-4878-8B94-389D008F2CE3}
	EndGlobalSection
EndGlobal
