
Microsoft Visual Studio Solution File, Format Version 12.00
# Visual Studio Version 16
VisualStudioVersion = 16.0.33529.622
MinimumVisualStudioVersion = 10.0.40219.1
Project("{FAE04EC0-301F-11D3-BF4B-00C04F79EFBC}") = "10. LadyBugs", "10. LadyBugs\10. LadyBugs.csproj", "{FA0C293E-4E27-4B74-AD8A-63B3F3821845}"
EndProject
Global
	GlobalSection(SolutionConfigurationPlatforms) = preSolution
		Debug|Any CPU = Debug|Any CPU
		Release|Any CPU = Release|Any CPU
	EndGlobalSection
	GlobalSection(ProjectConfigurationPlatforms) = postSolution
		{FA0C293E-4E27-4B74-AD8A-63B3F3821845}.Debug|Any CPU.ActiveCfg = Debug|Any CPU
		{FA0C293E-4E27-4B74-AD8A-63B3F3821845}.Debug|Any CPU.Build.0 = Debug|Any CPU
		{FA0C293E-4E27-4B74-AD8A-63B3F3821845}.Release|Any CPU.ActiveCfg = Release|Any CPU
		{FA0C293E-4E27-4B74-AD8A-63B3F3821845}.Release|Any CPU.Build.0 = Release|Any CPU
	EndGlobalSection
	GlobalSection(SolutionProperties) = preSolution
		HideSolutionNode = FALSE
	EndGlobalSection
	GlobalSection(ExtensibilityGlobals) = postSolution
		SolutionGuid = {3A800E9A-699C-413D-8CD2-ED2D31D5767C}
	EndGlobalSection
EndGlobal
