
Microsoft Visual Studio Solution File, Format Version 12.00
# Visual Studio Version 16
VisualStudioVersion = 16.0.33529.622
MinimumVisualStudioVersion = 10.0.40219.1
Project("{FAE04EC0-301F-11D3-BF4B-00C04F79EFBC}") = "03. New House", "03. New House\03. New House.csproj", "{44D4C175-910C-40E0-B2F9-858CA7D67719}"
EndProject
Global
	GlobalSection(SolutionConfigurationPlatforms) = preSolution
		Debug|Any CPU = Debug|Any CPU
		Release|Any CPU = Release|Any CPU
	EndGlobalSection
	GlobalSection(ProjectConfigurationPlatforms) = postSolution
		{44D4C175-910C-40E0-B2F9-858CA7D67719}.Debug|Any CPU.ActiveCfg = Debug|Any CPU
		{44D4C175-910C-40E0-B2F9-858CA7D67719}.Debug|Any CPU.Build.0 = Debug|Any CPU
		{44D4C175-910C-40E0-B2F9-858CA7D67719}.Release|Any CPU.ActiveCfg = Release|Any CPU
		{44D4C175-910C-40E0-B2F9-858CA7D67719}.Release|Any CPU.Build.0 = Release|Any CPU
	EndGlobalSection
	GlobalSection(SolutionProperties) = preSolution
		HideSolutionNode = FALSE
	EndGlobalSection
	GlobalSection(ExtensibilityGlobals) = postSolution
		SolutionGuid = {8E896743-860F-4C25-B2A8-B038DC96A02D}
	EndGlobalSection
EndGlobal
