
Microsoft Visual Studio Solution File, Format Version 12.00
# Visual Studio Version 16
VisualStudioVersion = 16.0.33529.622
MinimumVisualStudioVersion = 10.0.40219.1
Project("{FAE04EC0-301F-11D3-BF4B-00C04F79EFBC}") = "10. Odd Even Sum", "10. Odd Even Sum\10. Odd Even Sum.csproj", "{E39B9422-DB7A-4BED-AD00-93DC6EA77EB3}"
EndProject
Global
	GlobalSection(SolutionConfigurationPlatforms) = preSolution
		Debug|Any CPU = Debug|Any CPU
		Release|Any CPU = Release|Any CPU
	EndGlobalSection
	GlobalSection(ProjectConfigurationPlatforms) = postSolution
		{E39B9422-DB7A-4BED-AD00-93DC6EA77EB3}.Debug|Any CPU.ActiveCfg = Debug|Any CPU
		{E39B9422-DB7A-4BED-AD00-93DC6EA77EB3}.Debug|Any CPU.Build.0 = Debug|Any CPU
		{E39B9422-DB7A-4BED-AD00-93DC6EA77EB3}.Release|Any CPU.ActiveCfg = Release|Any CPU
		{E39B9422-DB7A-4BED-AD00-93DC6EA77EB3}.Release|Any CPU.Build.0 = Release|Any CPU
	EndGlobalSection
	GlobalSection(SolutionProperties) = preSolution
		HideSolutionNode = FALSE
	EndGlobalSection
	GlobalSection(ExtensibilityGlobals) = postSolution
		SolutionGuid = {2906A16A-F797-40C7-A997-E343E082DE5A}
	EndGlobalSection
EndGlobal
